
Microsoft Visual Studio Solution File, Format Version 12.00
# Visual Studio Version 16
VisualStudioVersion = 16.0.31410.357
MinimumVisualStudioVersion = 10.0.40219.1
Project("{FAE04EC0-301F-11D3-BF4B-00C04F79EFBC}") = "CodilityCSharpTest", "CodilityCSharpTest\CodilityCSharpTest.csproj", "{00BC9138-CD6E-4C03-91CB-760160C3B181}"
EndProject
Global
	GlobalSection(SolutionConfigurationPlatforms) = preSolution
		Debug|Any CPU = Debug|Any CPU
		Release|Any CPU = Release|Any CPU
	EndGlobalSection
	GlobalSection(ProjectConfigurationPlatforms) = postSolution
		{00BC9138-CD6E-4C03-91CB-760160C3B181}.Debug|Any CPU.ActiveCfg = Debug|Any CPU
		{00BC9138-CD6E-4C03-91CB-760160C3B181}.Debug|Any CPU.Build.0 = Debug|Any CPU
		{00BC9138-CD6E-4C03-91CB-760160C3B181}.Release|Any CPU.ActiveCfg = Release|Any CPU
		{00BC9138-CD6E-4C03-91CB-760160C3B181}.Release|Any CPU.Build.0 = Release|Any CPU
	EndGlobalSection
	GlobalSection(SolutionProperties) = preSolution
		HideSolutionNode = FALSE
	EndGlobalSection
	GlobalSection(ExtensibilityGlobals) = postSolution
		SolutionGuid = {67FBE403-DD01-426B-B2C7-966A4E1B6C55}
	EndGlobalSection
EndGlobal
